
Microsoft Visual Studio Solution File, Format Version 12.00
# Visual Studio Version 16
VisualStudioVersion = 16.0.31829.152
MinimumVisualStudioVersion = 10.0.40219.1
Project("{8BC9CEB8-8B4A-11D0-8D11-00A0C91BC942}") = "zad1", "zad1\zad1.vcxproj", "{5C2AE182-55C0-439B-A2E2-10A86A6E3F2D}"
EndProject
Project("{8BC9CEB8-8B4A-11D0-8D11-00A0C91BC942}") = "zad2", "zad2\zad2.vcxproj", "{8A8C9A9E-A856-40C7-8338-8A5FF00B4E1A}"
EndProject
Project("{8BC9CEB8-8B4A-11D0-8D11-00A0C91BC942}") = "zad3", "zad3\zad3.vcxproj", "{D919618B-4191-48A4-B128-95BAB4D97331}"
EndProject
Project("{8BC9CEB8-8B4A-11D0-8D11-00A0C91BC942}") = "zad4", "zad4\zad4.vcxproj", "{C9C0CF46-D90C-48E0-8D4A-EA898669654B}"
EndProject
Global
	GlobalSection(SolutionConfigurationPlatforms) = preSolution
		Debug|x64 = Debug|x64
		Debug|x86 = Debug|x86
		Release|x64 = Release|x64
		Release|x86 = Release|x86
	EndGlobalSection
	GlobalSection(ProjectConfigurationPlatforms) = postSolution
		{5C2AE182-55C0-439B-A2E2-10A86A6E3F2D}.Debug|x64.ActiveCfg = Debug|x64
		{5C2AE182-55C0-439B-A2E2-10A86A6E3F2D}.Debug|x64.Build.0 = Debug|x64
		{5C2AE182-55C0-439B-A2E2-10A86A6E3F2D}.Debug|x86.ActiveCfg = Debug|Win32
		{5C2AE182-55C0-439B-A2E2-10A86A6E3F2D}.Debug|x86.Build.0 = Debug|Win32
		{5C2AE182-55C0-439B-A2E2-10A86A6E3F2D}.Release|x64.ActiveCfg = Release|x64
		{5C2AE182-55C0-439B-A2E2-10A86A6E3F2D}.Release|x64.Build.0 = Release|x64
		{5C2AE182-55C0-439B-A2E2-10A86A6E3F2D}.Release|x86.ActiveCfg = Release|Win32
		{5C2AE182-55C0-439B-A2E2-10A86A6E3F2D}.Release|x86.Build.0 = Release|Win32
		{8A8C9A9E-A856-40C7-8338-8A5FF00B4E1A}.Debug|x64.ActiveCfg = Debug|x64
		{8A8C9A9E-A856-40C7-8338-8A5FF00B4E1A}.Debug|x64.Build.0 = Debug|x64
		{8A8C9A9E-A856-40C7-8338-8A5FF00B4E1A}.Debug|x86.ActiveCfg = Debug|Win32
		{8A8C9A9E-A856-40C7-8338-8A5FF00B4E1A}.Debug|x86.Build.0 = Debug|Win32
		{8A8C9A9E-A856-40C7-8338-8A5FF00B4E1A}.Release|x64.ActiveCfg = Release|x64
		{8A8C9A9E-A856-40C7-8338-8A5FF00B4E1A}.Release|x64.Build.0 = Release|x64
		{8A8C9A9E-A856-40C7-8338-8A5FF00B4E1A}.Release|x86.ActiveCfg = Release|Win32
		{8A8C9A9E-A856-40C7-8338-8A5FF00B4E1A}.Release|x86.Build.0 = Release|Win32
		{D919618B-4191-48A4-B128-95BAB4D97331}.Debug|x64.ActiveCfg = Debug|x64
		{D919618B-4191-48A4-B128-95BAB4D97331}.Debug|x64.Build.0 = Debug|x64
		{D919618B-4191-48A4-B128-95BAB4D97331}.Debug|x86.ActiveCfg = Debug|Win32
		{D919618B-4191-48A4-B128-95BAB4D97331}.Debug|x86.Build.0 = Debug|Win32
		{D919618B-4191-48A4-B128-95BAB4D97331}.Release|x64.ActiveCfg = Release|x64
		{D919618B-4191-48A4-B128-95BAB4D97331}.Release|x64.Build.0 = Release|x64
		{D919618B-4191-48A4-B128-95BAB4D97331}.Release|x86.ActiveCfg = Release|Win32
		{D919618B-4191-48A4-B128-95BAB4D97331}.Release|x86.Build.0 = Release|Win32
		{C9C0CF46-D90C-48E0-8D4A-EA898669654B}.Debug|x64.ActiveCfg = Debug|x64
		{C9C0CF46-D90C-48E0-8D4A-EA898669654B}.Debug|x64.Build.0 = Debug|x64
		{C9C0CF46-D90C-48E0-8D4A-EA898669654B}.Debug|x86.ActiveCfg = Debug|Win32
		{C9C0CF46-D90C-48E0-8D4A-EA898669654B}.Debug|x86.Build.0 = Debug|Win32
		{C9C0CF46-D90C-48E0-8D4A-EA898669654B}.Release|x64.ActiveCfg = Release|x64
		{C9C0CF46-D90C-48E0-8D4A-EA898669654B}.Release|x64.Build.0 = Release|x64
		{C9C0CF46-D90C-48E0-8D4A-EA898669654B}.Release|x86.ActiveCfg = Release|Win32
		{C9C0CF46-D90C-48E0-8D4A-EA898669654B}.Release|x86.Build.0 = Release|Win32
	EndGlobalSection
	GlobalSection(SolutionProperties) = preSolution
		HideSolutionNode = FALSE
	EndGlobalSection
	GlobalSection(ExtensibilityGlobals) = postSolution
		SolutionGuid = {F2FEC722-EB07-4E0D-A924-BB5E9F515332}
	EndGlobalSection
EndGlobal
